// !$*UTF8*$!
{
	archiveVersion = 1;
	classes = {
	};
	objectVersion = 46;
	objects = {

/* Begin PBXBuildFile section */
		647A04B91E5B2BA600935AB9 /* AppDelegate.swift in Sources */ = {isa = PBXBuildFile; fileRef = 647A04B81E5B2BA600935AB9 /* AppDelegate.swift */; };
		647A04BB1E5B2BA600935AB9 /* ViewController.swift in Sources */ = {isa = PBXBuildFile; fileRef = 647A04BA1E5B2BA600935AB9 /* ViewController.swift */; };
		647A04BE1E5B2BA600935AB9 /* Main.storyboard in Resources */ = {isa = PBXBuildFile; fileRef = 647A04BC1E5B2BA600935AB9 /* Main.storyboard */; };
		647A04C01E5B2BA600935AB9 /* Assets.xcassets in Resources */ = {isa = PBXBuildFile; fileRef = 647A04BF1E5B2BA600935AB9 /* Assets.xcassets */; };
		647A04C31E5B2BA600935AB9 /* LaunchScreen.storyboard in Resources */ = {isa = PBXBuildFile; fileRef = 647A04C11E5B2BA600935AB9 /* LaunchScreen.storyboard */; };
		647A04CE1E5B2BA600935AB9 /* SecondKadaiAppTests.swift in Sources */ = {isa = PBXBuildFile; fileRef = 647A04CD1E5B2BA600935AB9 /* SecondKadaiAppTests.swift */; };
		647A04D91E5B2BA600935AB9 /* SecondKadaiAppUITests.swift in Sources */ = {isa = PBXBuildFile; fileRef = 647A04D81E5B2BA600935AB9 /* SecondKadaiAppUITests.swift */; };
		647A04E71E5B304000935AB9 /* ResultViewController.swift in Sources */ = {isa = PBXBuildFile; fileRef = 647A04E61E5B304000935AB9 /* ResultViewController.swift */; };
/* End PBXBuildFile section */

/* Begin PBXContainerItemProxy section */
		647A04CA1E5B2BA600935AB9 /* PBXContainerItemProxy */ = {
			isa = PBXContainerItemProxy;
			containerPortal = 647A04AD1E5B2BA600935AB9 /* Project object */;
			proxyType = 1;
			remoteGlobalIDString = 647A04B41E5B2BA600935AB9;
			remoteInfo = SecondKadaiApp;
		};
		647A04D51E5B2BA600935AB9 /* PBXContainerItemProxy */ = {
			isa = PBXContainerItemProxy;
			containerPortal = 647A04AD1E5B2BA600935AB9 /* Project object */;
			proxyType = 1;
			remoteGlobalIDString = 647A04B41E5B2BA600935AB9;
			remoteInfo = SecondKadaiApp;
		};
/* End PBXContainerItemProxy section */

/* Begin PBXFileReference section */
		647A04B51E5B2BA600935AB9 /* SecondKadaiApp.app */ = {isa = PBXFileReference; explicitFileType = wrapper.application; includeInIndex = 0; path = SecondKadaiApp.app; sourceTree = BUILT_PRODUCTS_DIR; };
		647A04B81E5B2BA600935AB9 /* AppDelegate.swift */ = {isa = PBXFileReference; lastKnownFileType = sourcecode.swift; path = AppDelegate.swift; sourceTree = "<group>"; };
		647A04BA1E5B2BA600935AB9 /* ViewController.swift */ = {isa = PBXFileReference; lastKnownFileType = sourcecode.swift; path = ViewController.swift; sourceTree = "<group>"; };
		647A04BD1E5B2BA600935AB9 /* Base */ = {isa = PBXFileReference; lastKnownFileType = file.storyboard; name = Base; path = Base.lproj/Main.storyboard; sourceTree = "<group>"; };
		647A04BF1E5B2BA600935AB9 /* Assets.xcassets */ = {isa = PBXFileReference; lastKnownFileType = folder.assetcatalog; path = Assets.xcassets; sourceTree = "<group>"; };
		647A04C21E5B2BA600935AB9 /* Base */ = {isa = PBXFileReference; lastKnownFileType = file.storyboard; name = Base; path = Base.lproj/LaunchScreen.storyboard; sourceTree = "<group>"; };
		647A04C41E5B2BA600935AB9 /* Info.plist */ = {isa = PBXFileReference; lastKnownFileType = text.plist.xml; path = Info.plist; sourceTree = "<group>"; };
		647A04C91E5B2BA600935AB9 /* SecondKadaiAppTests.xctest */ = {isa = PBXFileReference; explicitFileType = wrapper.cfbundle; includeInIndex = 0; path = SecondKadaiAppTests.xctest; sourceTree = BUILT_PRODUCTS_DIR; };
		647A04CD1E5B2BA600935AB9 /* SecondKadaiAppTests.swift */ = {isa = PBXFileReference; lastKnownFileType = sourcecode.swift; path = SecondKadaiAppTests.swift; sourceTree = "<group>"; };
		647A04CF1E5B2BA600935AB9 /* Info.plist */ = {isa = PBXFileReference; lastKnownFileType = text.plist.xml; path = Info.plist; sourceTree = "<group>"; };
		647A04D41E5B2BA600935AB9 /* SecondKadaiAppUITests.xctest */ = {isa = PBXFileReference; explicitFileType = wrapper.cfbundle; includeInIndex = 0; path = SecondKadaiAppUITests.xctest; sourceTree = BUILT_PRODUCTS_DIR; };
		647A04D81E5B2BA600935AB9 /* SecondKadaiAppUITests.swift */ = {isa = PBXFileReference; lastKnownFileType = sourcecode.swift; path = SecondKadaiAppUITests.swift; sourceTree = "<group>"; };
		647A04DA1E5B2BA600935AB9 /* Info.plist */ = {isa = PBXFileReference; lastKnownFileType = text.plist.xml; path = Info.plist; sourceTree = "<group>"; };
		647A04E61E5B304000935AB9 /* ResultViewController.swift */ = {isa = PBXFileReference; fileEncoding = 4; lastKnownFileType = sourcecode.swift; path = ResultViewController.swift; sourceTree = "<group>"; };
/* End PBXFileReference section */

/* Begin PBXFrameworksBuildPhase section */
		647A04B21E5B2BA600935AB9 /* Frameworks */ = {
			isa = PBXFrameworksBuildPhase;
			buildActionMask = 2147483647;
			files = (
			);
			runOnlyForDeploymentPostprocessing = 0;
		};
		647A04C61E5B2BA600935AB9 /* Frameworks */ = {
			isa = PBXFrameworksBuildPhase;
			buildActionMask = 2147483647;
			files = (
			);
			runOnlyForDeploymentPostprocessing = 0;
		};
		647A04D11E5B2BA600935AB9 /* Frameworks */ = {
			isa = PBXFrameworksBuildPhase;
			buildActionMask = 2147483647;
			files = (
			);
			runOnlyForDeploymentPostprocessing = 0;
		};
/* End PBXFrameworksBuildPhase section */

/* Begin PBXGroup section */
		647A04AC1E5B2BA600935AB9 = {
			isa = PBXGroup;
			children = (
				647A04B71E5B2BA600935AB9 /* SecondKadaiApp */,
				647A04CC1E5B2BA600935AB9 /* SecondKadaiAppTests */,
				647A04D71E5B2BA600935AB9 /* SecondKadaiAppUITests */,
				647A04B61E5B2BA600935AB9 /* Products */,
			);
			sourceTree = "<group>";
		};
		647A04B61E5B2BA600935AB9 /* Products */ = {
			isa = PBXGroup;
			children = (
				647A04B51E5B2BA600935AB9 /* SecondKadaiApp.app */,
				647A04C91E5B2BA600935AB9 /* SecondKadaiAppTests.xctest */,
				647A04D41E5B2BA600935AB9 /* SecondKadaiAppUITests.xctest */,
			);
			name = Products;
			sourceTree = "<group>";
		};
		647A04B71E5B2BA600935AB9 /* SecondKadaiApp */ = {
			isa = PBXGroup;
			children = (
				647A04B81E5B2BA600935AB9 /* AppDelegate.swift */,
				647A04BA1E5B2BA600935AB9 /* ViewController.swift */,
				647A04BC1E5B2BA600935AB9 /* Main.storyboard */,
				647A04E61E5B304000935AB9 /* ResultViewController.swift */,
				647A04BF1E5B2BA600935AB9 /* Assets.xcassets */,
				647A04C11E5B2BA600935AB9 /* LaunchScreen.storyboard */,
				647A04C41E5B2BA600935AB9 /* Info.plist */,
			);
			path = SecondKadaiApp;
			sourceTree = "<group>";
		};
		647A04CC1E5B2BA600935AB9 /* SecondKadaiAppTests */ = {
			isa = PBXGroup;
			children = (
				647A04CD1E5B2BA600935AB9 /* SecondKadaiAppTests.swift */,
				647A04CF1E5B2BA600935AB9 /* Info.plist */,
			);
			path = SecondKadaiAppTests;
			sourceTree = "<group>";
		};
		647A04D71E5B2BA600935AB9 /* SecondKadaiAppUITests */ = {
			isa = PBXGroup;
			children = (
				647A04D81E5B2BA600935AB9 /* SecondKadaiAppUITests.swift */,
				647A04DA1E5B2BA600935AB9 /* Info.plist */,
			);
			path = SecondKadaiAppUITests;
			sourceTree = "<group>";
		};
/* End PBXGroup section */

/* Begin PBXNativeTarget section */
		647A04B41E5B2BA600935AB9 /* SecondKadaiApp */ = {
			isa = PBXNativeTarget;
			buildConfigurationList = 647A04DD1E5B2BA700935AB9 /* Build configuration list for PBXNativeTarget "SecondKadaiApp" */;
			buildPhases = (
				647A04B11E5B2BA600935AB9 /* Sources */,
				647A04B21E5B2BA600935AB9 /* Frameworks */,
				647A04B31E5B2BA600935AB9 /* Resources */,
			);
			buildRules = (
			);
			dependencies = (
			);
			name = SecondKadaiApp;
			productName = SecondKadaiApp;
			productReference = 647A04B51E5B2BA600935AB9 /* SecondKadaiApp.app */;
			productType = "com.apple.product-type.application";
		};
		647A04C81E5B2BA600935AB9 /* SecondKadaiAppTests */ = {
			isa = PBXNativeTarget;
			buildConfigurationList = 647A04E01E5B2BA700935AB9 /* Build configuration list for PBXNativeTarget "SecondKadaiAppTests" */;
			buildPhases = (
				647A04C51E5B2BA600935AB9 /* Sources */,
				647A04C61E5B2BA600935AB9 /* Frameworks */,
				647A04C71E5B2BA600935AB9 /* Resources */,
			);
			buildRules = (
			);
			dependencies = (
				647A04CB1E5B2BA600935AB9 /* PBXTargetDependency */,
			);
			name = SecondKadaiAppTests;
			productName = SecondKadaiAppTests;
			productReference = 647A04C91E5B2BA600935AB9 /* SecondKadaiAppTests.xctest */;
			productType = "com.apple.product-type.bundle.unit-test";
		};
		647A04D31E5B2BA600935AB9 /* SecondKadaiAppUITests */ = {
			isa = PBXNativeTarget;
			buildConfigurationList = 647A04E31E5B2BA700935AB9 /* Build configuration list for PBXNativeTarget "SecondKadaiAppUITests" */;
			buildPhases = (
				647A04D01E5B2BA600935AB9 /* Sources */,
				647A04D11E5B2BA600935AB9 /* Frameworks */,
				647A04D21E5B2BA600935AB9 /* Resources */,
			);
			buildRules = (
			);
			dependencies = (
				647A04D61E5B2BA600935AB9 /* PBXTargetDependency */,
			);
			name = SecondKadaiAppUITests;
			productName = SecondKadaiAppUITests;
			productReference = 647A04D41E5B2BA600935AB9 /* SecondKadaiAppUITests.xctest */;
			productType = "com.apple.product-type.bundle.ui-testing";
		};
/* End PBXNativeTarget section */

/* Begin PBXProject section */
		647A04AD1E5B2BA600935AB9 /* Project object */ = {
			isa = PBXProject;
			attributes = {
				LastSwiftUpdateCheck = 0820;
				LastUpgradeCheck = 0820;
				ORGANIZATIONNAME = tomoya.sasaki;
				TargetAttributes = {
					647A04B41E5B2BA600935AB9 = {
						CreatedOnToolsVersion = 8.2.1;
						DevelopmentTeam = DK35449S8F;
						ProvisioningStyle = Automatic;
					};
					647A04C81E5B2BA600935AB9 = {
						CreatedOnToolsVersion = 8.2.1;
						DevelopmentTeam = DK35449S8F;
						ProvisioningStyle = Automatic;
						TestTargetID = 647A04B41E5B2BA600935AB9;
					};
					647A04D31E5B2BA600935AB9 = {
						CreatedOnToolsVersion = 8.2.1;
						DevelopmentTeam = DK35449S8F;
						ProvisioningStyle = Automatic;
						TestTargetID = 647A04B41E5B2BA600935AB9;
					};
				};
			};
			buildConfigurationList = 647A04B01E5B2BA600935AB9 /* Build configuration list for PBXProject "SecondKadaiApp" */;
			compatibilityVersion = "Xcode 3.2";
			developmentRegion = English;
			hasScannedForEncodings = 0;
			knownRegions = (
				en,
				Base,
			);
			mainGroup = 647A04AC1E5B2BA600935AB9;
			productRefGroup = 647A04B61E5B2BA600935AB9 /* Products */;
			projectDirPath = "";
			projectRoot = "";
			targets = (
				647A04B41E5B2BA600935AB9 /* SecondKadaiApp */,
				647A04C81E5B2BA600935AB9 /* SecondKadaiAppTests */,
				647A04D31E5B2BA600935AB9 /* SecondKadaiAppUITests */,
			);
		};
/* End PBXProject section */

/* Begin PBXResourcesBuildPhase section */
		647A04B31E5B2BA600935AB9 /* Resources */ = {
			isa = PBXResourcesBuildPhase;
			buildActionMask = 2147483647;
			files = (
				647A04C31E5B2BA600935AB9 /* LaunchScreen.storyboard in Resources */,
				647A04C01E5B2BA600935AB9 /* Assets.xcassets in Resources */,
				647A04BE1E5B2BA600935AB9 /* Main.storyboard in Resources */,
			);
			runOnlyForDeploymentPostprocessing = 0;
		};
		647A04C71E5B2BA600935AB9 /* Resources */ = {
			isa = PBXResourcesBuildPhase;
			buildActionMask = 2147483647;
			files = (
			);
			runOnlyForDeploymentPostprocessing = 0;
		};
		647A04D21E5B2BA600935AB9 /* Resources */ = {
			isa = PBXResourcesBuildPhase;
			buildActionMask = 2147483647;
			files = (
			);
			runOnlyForDeploymentPostprocessing = 0;
		};
/* End PBXResourcesBuildPhase section */

/* Begin PBXSourcesBuildPhase section */
		647A04B11E5B2BA600935AB9 /* Sources */ = {
			isa = PBXSourcesBuildPhase;
			buildActionMask = 2147483647;
			files = (
				647A04BB1E5B2BA600935AB9 /* ViewController.swift in Sources */,
				647A04B91E5B2BA600935AB9 /* AppDelegate.swift in Sources */,
				647A04E71E5B304000935AB9 /* ResultViewController.swift in Sources */,
			);
			runOnlyForDeploymentPostprocessing = 0;
		};
		647A04C51E5B2BA600935AB9 /* Sources */ = {
			isa = PBXSourcesBuildPhase;
			buildActionMask = 2147483647;
			files = (
				647A04CE1E5B2BA600935AB9 /* SecondKadaiAppTests.swift in Sources */,
			);
			runOnlyForDeploymentPostprocessing = 0;
		};
		647A04D01E5B2BA600935AB9 /* Sources */ = {
			isa = PBXSourcesBuildPhase;
			buildActionMask = 2147483647;
			files = (
				647A04D91E5B2BA600935AB9 /* SecondKadaiAppUITests.swift in Sources */,
			);
			runOnlyForDeploymentPostprocessing = 0;
		};
/* End PBXSourcesBuildPhase section */

/* Begin PBXTargetDependency section */
		647A04CB1E5B2BA600935AB9 /* PBXTargetDependency */ = {
			isa = PBXTargetDependency;
			target = 647A04B41E5B2BA600935AB9 /* SecondKadaiApp */;
			targetProxy = 647A04CA1E5B2BA600935AB9 /* PBXContainerItemProxy */;
		};
		647A04D61E5B2BA600935AB9 /* PBXTargetDependency */ = {
			isa = PBXTargetDependency;
			target = 647A04B41E5B2BA600935AB9 /* SecondKadaiApp */;
			targetProxy = 647A04D51E5B2BA600935AB9 /* PBXContainerItemProxy */;
		};
/* End PBXTargetDependency section */

/* Begin PBXVariantGroup section */
		647A04BC1E5B2BA600935AB9 /* Main.storyboard */ = {
			isa = PBXVariantGroup;
			children = (
				647A04BD1E5B2BA600935AB9 /* Base */,
			);
			name = Main.storyboard;
			sourceTree = "<group>";
		};
		647A04C11E5B2BA600935AB9 /* LaunchScreen.storyboard */ = {
			isa = PBXVariantGroup;
			children = (
				647A04C21E5B2BA600935AB9 /* Base */,
			);
			name = LaunchScreen.storyboard;
			sourceTree = "<group>";
		};
/* End PBXVariantGroup section */

/* Begin XCBuildConfiguration section */
		647A04DB1E5B2BA600935AB9 /* Debug */ = {
			isa = XCBuildConfiguration;
			buildSettings = {
				ALWAYS_SEARCH_USER_PATHS = NO;
				CLANG_ANALYZER_NONNULL = YES;
				CLANG_CXX_LANGUAGE_STANDARD = "gnu++0x";
				CLANG_CXX_LIBRARY = "libc++";
				CLANG_ENABLE_MODULES = YES;
				CLANG_ENABLE_OBJC_ARC = YES;
				CLANG_WARN_BOOL_CONVERSION = YES;
				CLANG_WARN_CONSTANT_CONVERSION = YES;
				CLANG_WARN_DIRECT_OBJC_ISA_USAGE = YES_ERROR;
				CLANG_WARN_DOCUMENTATION_COMMENTS = YES;
				CLANG_WARN_EMPTY_BODY = YES;
				CLANG_WARN_ENUM_CONVERSION = YES;
				CLANG_WARN_INFINITE_RECURSION = YES;
				CLANG_WARN_INT_CONVERSION = YES;
				CLANG_WARN_OBJC_ROOT_CLASS = YES_ERROR;
				CLANG_WARN_SUSPICIOUS_MOVE = YES;
				CLANG_WARN_UNREACHABLE_CODE = YES;
				CLANG_WARN__DUPLICATE_METHOD_MATCH = YES;
				"CODE_SIGN_IDENTITY[sdk=iphoneos*]" = "iPhone Developer";
				COPY_PHASE_STRIP = NO;
				DEBUG_INFORMATION_FORMAT = dwarf;
				ENABLE_STRICT_OBJC_MSGSEND = YES;
				ENABLE_TESTABILITY = YES;
				GCC_C_LANGUAGE_STANDARD = gnu99;
				GCC_DYNAMIC_NO_PIC = NO;
				GCC_NO_COMMON_BLOCKS = YES;
				GCC_OPTIMIZATION_LEVEL = 0;
				GCC_PREPROCESSOR_DEFINITIONS = (
					"DEBUG=1",
					"$(inherited)",
				);
				GCC_WARN_64_TO_32_BIT_CONVERSION = YES;
				GCC_WARN_ABOUT_RETURN_TYPE = YES_ERROR;
				GCC_WARN_UNDECLARED_SELECTOR = YES;
				GCC_WARN_UNINITIALIZED_AUTOS = YES_AGGRESSIVE;
				GCC_WARN_UNUSED_FUNCTION = YES;
				GCC_WARN_UNUSED_VARIABLE = YES;
				IPHONEOS_DEPLOYMENT_TARGET = 10.2;
				MTL_ENABLE_DEBUG_INFO = YES;
				ONLY_ACTIVE_ARCH = YES;
				SDKROOT = iphoneos;
				SWIFT_ACTIVE_COMPILATION_CONDITIONS = DEBUG;
				SWIFT_OPTIMIZATION_LEVEL = "-Onone";
			};
			name = Debug;
		};
		647A04DC1E5B2BA600935AB9 /* Release */ = {
			isa = XCBuildConfiguration;
			buildSettings = {
				ALWAYS_SEARCH_USER_PATHS = NO;
				CLANG_ANALYZER_NONNULL = YES;
				CLANG_CXX_LANGUAGE_STANDARD = "gnu++0x";
				CLANG_CXX_LIBRARY = "libc++";
				CLANG_ENABLE_MODULES = YES;
				CLANG_ENABLE_OBJC_ARC = YES;
				CLANG_WARN_BOOL_CONVERSION = YES;
				CLANG_WARN_CONSTANT_CONVERSION = YES;
				CLANG_WARN_DIRECT_OBJC_ISA_USAGE = YES_ERROR;
				CLANG_WARN_DOCUMENTATION_COMMENTS = YES;
				CLANG_WARN_EMPTY_BODY = YES;
				CLANG_WARN_ENUM_CONVERSION = YES;
				CLANG_WARN_INFINITE_RECURSION = YES;
				CLANG_WARN_INT_CONVERSION = YES;
				CLANG_WARN_OBJC_ROOT_CLASS = YES_ERROR;
				CLANG_WARN_SUSPICIOUS_MOVE = YES;
				CLANG_WARN_UNREACHABLE_CODE = YES;
				CLANG_WARN__DUPLICATE_METHOD_MATCH = YES;
				"CODE_SIGN_IDENTITY[sdk=iphoneos*]" = "iPhone Developer";
				COPY_PHASE_STRIP = NO;
				DEBUG_INFORMATION_FORMAT = "dwarf-with-dsym";
				ENABLE_NS_ASSERTIONS = NO;
				ENABLE_STRICT_OBJC_MSGSEND = YES;
				GCC_C_LANGUAGE_STANDARD = gnu99;
				GCC_NO_COMMON_BLOCKS = YES;
				GCC_WARN_64_TO_32_BIT_CONVERSION = YES;
				GCC_WARN_ABOUT_RETURN_TYPE = YES_ERROR;
				GCC_WARN_UNDECLARED_SELECTOR = YES;
				GCC_WARN_UNINITIALIZED_AUTOS = YES_AGGRESSIVE;
				GCC_WARN_UNUSED_FUNCTION = YES;
				GCC_WARN_UNUSED_VARIABLE = YES;
				IPHONEOS_DEPLOYMENT_TARGET = 10.2;
				MTL_ENABLE_DEBUG_INFO = NO;
				SDKROOT = iphoneos;
				SWIFT_OPTIMIZATION_LEVEL = "-Owholemodule";
				VALIDATE_PRODUCT = YES;
			};
			name = Release;
		};
		647A04DE1E5B2BA700935AB9 /* Debug */ = {
			isa = XCBuildConfiguration;
			buildSettings = {
				ASSETCATALOG_COMPILER_APPICON_NAME = AppIcon;
				DEVELOPMENT_TEAM = DK35449S8F;
				INFOPLIST_FILE = SecondKadaiApp/Info.plist;
				LD_RUNPATH_SEARCH_PATHS = "$(inherited) @executable_path/Frameworks";
				PRODUCT_BUNDLE_IDENTIFIER = jp.techacademy.tomoya.sasaki.SecondKadaiApp;
				PRODUCT_NAME = "$(TARGET_NAME)";
				SWIFT_VERSION = 3.0;
			};
			name = Debug;
		};
		647A04DF1E5B2BA700935AB9 /* Release */ = {
			isa = XCBuildConfiguration;
			buildSettings = {
				ASSETCATALOG_COMPILER_APPICON_NAME = AppIcon;
				DEVELOPMENT_TEAM = DK35449S8F;
				INFOPLIST_FILE = SecondKadaiApp/Info.plist;
				LD_RUNPATH_SEARCH_PATHS = "$(inherited) @executable_path/Frameworks";
				PRODUCT_BUNDLE_IDENTIFIER = jp.techacademy.tomoya.sasaki.SecondKadaiApp;
				PRODUCT_NAME = "$(TARGET_NAME)";
				SWIFT_VERSION = 3.0;
			};
			name = Release;
		};
		647A04E11E5B2BA700935AB9 /* Debug */ = {
			isa = XCBuildConfiguration;
			buildSettings = {
				ALWAYS_EMBED_SWIFT_STANDARD_LIBRARIES = YES;
				BUNDLE_LOADER = "$(TEST_HOST)";
				DEVELOPMENT_TEAM = DK35449S8F;
				INFOPLIST_FILE = SecondKadaiAppTests/Info.plist;
				LD_RUNPATH_SEARCH_PATHS = "$(inherited) @executable_path/Frameworks @loader_path/Frameworks";
				PRODUCT_BUNDLE_IDENTIFIER = jp.techacademy.tomoya.sasaki.SecondKadaiAppTests;
				PRODUCT_NAME = "$(TARGET_NAME)";
				SWIFT_VERSION = 3.0;
				TEST_HOST = "$(BUILT_PRODUCTS_DIR)/SecondKadaiApp.app/SecondKadaiApp";
			};
			name = Debug;
		};
		647A04E21E5B2BA700935AB9 /* Release */ = {
			isa = XCBuildConfiguration;
			buildSettings = {
				ALWAYS_EMBED_SWIFT_STANDARD_LIBRARIES = YES;
				BUNDLE_LOADER = "$(TEST_HOST)";
				DEVELOPMENT_TEAM = DK35449S8F;
				INFOPLIST_FILE = SecondKadaiAppTests/Info.plist;
				LD_RUNPATH_SEARCH_PATHS = "$(inherited) @executable_path/Frameworks @loader_path/Frameworks";
				PRODUCT_BUNDLE_IDENTIFIER = jp.techacademy.tomoya.sasaki.SecondKadaiAppTests;
				PRODUCT_NAME = "$(TARGET_NAME)";
				SWIFT_VERSION = 3.0;
				TEST_HOST = "$(BUILT_PRODUCTS_DIR)/SecondKadaiApp.app/SecondKadaiApp";
			};
			name = Release;
		};
		647A04E41E5B2BA700935AB9 /* Debug */ = {
			isa = XCBuildConfiguration;
			buildSettings = {
				ALWAYS_EMBED_SWIFT_STANDARD_LIBRARIES = YES;
				DEVELOPMENT_TEAM = DK35449S8F;
				INFOPLIST_FILE = SecondKadaiAppUITests/Info.plist;
				LD_RUNPATH_SEARCH_PATHS = "$(inherited) @executable_path/Frameworks @loader_path/Frameworks";
				PRODUCT_BUNDLE_IDENTIFIER = jp.techacademy.tomoya.sasaki.SecondKadaiAppUITests;
				PRODUCT_NAME = "$(TARGET_NAME)";
				SWIFT_VERSION = 3.0;
				TEST_TARGET_NAME = SecondKadaiApp;
			};
			name = Debug;
		};
		647A04E51E5B2BA700935AB9 /* Release */ = {
			isa = XCBuildConfiguration;
			buildSettings = {
				ALWAYS_EMBED_SWIFT_STANDARD_LIBRARIES = YES;
				DEVELOPMENT_TEAM = DK35449S8F;
				INFOPLIST_FILE = SecondKadaiAppUITests/Info.plist;
				LD_RUNPATH_SEARCH_PATHS = "$(inherited) @executable_path/Frameworks @loader_path/Frameworks";
				PRODUCT_BUNDLE_IDENTIFIER = jp.techacademy.tomoya.sasaki.SecondKadaiAppUITests;
				PRODUCT_NAME = "$(TARGET_NAME)";
				SWIFT_VERSION = 3.0;
				TEST_TARGET_NAME = SecondKadaiApp;
			};
			name = Release;
		};
/* End XCBuildConfiguration section */

/* Begin XCConfigurationList section */
		647A04B01E5B2BA600935AB9 /* Build configuration list for PBXProject "SecondKadaiApp" */ = {
			isa = XCConfigurationList;
			buildConfigurations = (
				647A04DB1E5B2BA600935AB9 /* Debug */,
				647A04DC1E5B2BA600935AB9 /* Release */,
			);
			defaultConfigurationIsVisible = 0;
			defaultConfigurationName = Release;
		};
		647A04DD1E5B2BA700935AB9 /* Build configuration list for PBXNativeTarget "SecondKadaiApp" */ = {
			isa = XCConfigurationList;
			buildConfigurations = (
				647A04DE1E5B2BA700935AB9 /* Debug */,
				647A04DF1E5B2BA700935AB9 /* Release */,
			);
			defaultConfigurationIsVisible = 0;
		};
		647A04E01E5B2BA700935AB9 /* Build configuration list for PBXNativeTarget "SecondKadaiAppTests" */ = {
			isa = XCConfigurationList;
			buildConfigurations = (
				647A04E11E5B2BA700935AB9 /* Debug */,
				647A04E21E5B2BA700935AB9 /* Release */,
			);
			defaultConfigurationIsVisible = 0;
		};
		647A04E31E5B2BA700935AB9 /* Build configuration list for PBXNativeTarget "SecondKadaiAppUITests" */ = {
			isa = XCConfigurationList;
			buildConfigurations = (
				647A04E41E5B2BA700935AB9 /* Debug */,
				647A04E51E5B2BA700935AB9 /* Release */,
			);
			defaultConfigurationIsVisible = 0;
		};
/* End XCConfigurationList section */
	};
	rootObject = 647A04AD1E5B2BA600935AB9 /* Project object */;
}
